
Microsoft Visual Studio Solution File, Format Version 12.00
# Visual Studio Version 16
VisualStudioVersion = 16.6.30114.105
MinimumVisualStudioVersion = 10.0.40219.1
Project("{2150E333-8FDC-42A3-9474-1A3956D46DE8}") = "src", "src", "{D9A76A9D-605E-486C-8875-B1093EB4F472}"
EndProject
Project("{FAE04EC0-301F-11D3-BF4B-00C04F79EFBC}") = "SimpleAPI", "src\SimpleAPI\SimpleAPI.csproj", "{93F6A92E-DC3F-4681-A5EC-49083AF0DD97}"
EndProject
Project("{2150E333-8FDC-42A3-9474-1A3956D46DE8}") = "test", "test", "{61BAB42D-0F43-45E4-A247-066AC18E36BD}"
EndProject
Project("{FAE04EC0-301F-11D3-BF4B-00C04F79EFBC}") = "SimpleAPI.test", "test\SimpleApi.Test\SimpleAPI.test.csproj", "{C82CF581-5749-4C6F-A6CC-6AADCD94B28C}"
EndProject
Global
	GlobalSection(SolutionConfigurationPlatforms) = preSolution
		Debug|Any CPU = Debug|Any CPU
		Debug|x64 = Debug|x64
		Debug|x86 = Debug|x86
		Release|Any CPU = Release|Any CPU
		Release|x64 = Release|x64
		Release|x86 = Release|x86
	EndGlobalSection
	GlobalSection(SolutionProperties) = preSolution
		HideSolutionNode = FALSE
	EndGlobalSection
	GlobalSection(ProjectConfigurationPlatforms) = postSolution
		{93F6A92E-DC3F-4681-A5EC-49083AF0DD97}.Debug|Any CPU.ActiveCfg = Debug|Any CPU
		{93F6A92E-DC3F-4681-A5EC-49083AF0DD97}.Debug|Any CPU.Build.0 = Debug|Any CPU
		{93F6A92E-DC3F-4681-A5EC-49083AF0DD97}.Debug|x64.ActiveCfg = Debug|Any CPU
		{93F6A92E-DC3F-4681-A5EC-49083AF0DD97}.Debug|x64.Build.0 = Debug|Any CPU
		{93F6A92E-DC3F-4681-A5EC-49083AF0DD97}.Debug|x86.ActiveCfg = Debug|Any CPU
		{93F6A92E-DC3F-4681-A5EC-49083AF0DD97}.Debug|x86.Build.0 = Debug|Any CPU
		{93F6A92E-DC3F-4681-A5EC-49083AF0DD97}.Release|Any CPU.ActiveCfg = Release|Any CPU
		{93F6A92E-DC3F-4681-A5EC-49083AF0DD97}.Release|Any CPU.Build.0 = Release|Any CPU
		{93F6A92E-DC3F-4681-A5EC-49083AF0DD97}.Release|x64.ActiveCfg = Release|Any CPU
		{93F6A92E-DC3F-4681-A5EC-49083AF0DD97}.Release|x64.Build.0 = Release|Any CPU
		{93F6A92E-DC3F-4681-A5EC-49083AF0DD97}.Release|x86.ActiveCfg = Release|Any CPU
		{93F6A92E-DC3F-4681-A5EC-49083AF0DD97}.Release|x86.Build.0 = Release|Any CPU
		{C82CF581-5749-4C6F-A6CC-6AADCD94B28C}.Debug|Any CPU.ActiveCfg = Debug|Any CPU
		{C82CF581-5749-4C6F-A6CC-6AADCD94B28C}.Debug|Any CPU.Build.0 = Debug|Any CPU
		{C82CF581-5749-4C6F-A6CC-6AADCD94B28C}.Debug|x64.ActiveCfg = Debug|Any CPU
		{C82CF581-5749-4C6F-A6CC-6AADCD94B28C}.Debug|x64.Build.0 = Debug|Any CPU
		{C82CF581-5749-4C6F-A6CC-6AADCD94B28C}.Debug|x86.ActiveCfg = Debug|Any CPU
		{C82CF581-5749-4C6F-A6CC-6AADCD94B28C}.Debug|x86.Build.0 = Debug|Any CPU
		{C82CF581-5749-4C6F-A6CC-6AADCD94B28C}.Release|Any CPU.ActiveCfg = Release|Any CPU
		{C82CF581-5749-4C6F-A6CC-6AADCD94B28C}.Release|Any CPU.Build.0 = Release|Any CPU
		{C82CF581-5749-4C6F-A6CC-6AADCD94B28C}.Release|x64.ActiveCfg = Release|Any CPU
		{C82CF581-5749-4C6F-A6CC-6AADCD94B28C}.Release|x64.Build.0 = Release|Any CPU
		{C82CF581-5749-4C6F-A6CC-6AADCD94B28C}.Release|x86.ActiveCfg = Release|Any CPU
		{C82CF581-5749-4C6F-A6CC-6AADCD94B28C}.Release|x86.Build.0 = Release|Any CPU
	EndGlobalSection
	GlobalSection(NestedProjects) = preSolution
		{93F6A92E-DC3F-4681-A5EC-49083AF0DD97} = {D9A76A9D-605E-486C-8875-B1093EB4F472}
		{C82CF581-5749-4C6F-A6CC-6AADCD94B28C} = {61BAB42D-0F43-45E4-A247-066AC18E36BD}
	EndGlobalSection
EndGlobal
